
Microsoft Visual Studio Solution File, Format Version 11.00
# Visual Studio 2010
Project("{FAE04EC0-301F-11D3-BF4B-00C04F79EFBC}") = "Demo.Data", "Demo.Data\Demo.Data.csproj", "{12FB42E6-2CFA-4D50-B098-37EEE82FAD60}"
EndProject
Global
	GlobalSection(SolutionConfigurationPlatforms) = preSolution
		Debug|x86 = Debug|x86
		Release|x86 = Release|x86
	EndGlobalSection
	GlobalSection(ProjectConfigurationPlatforms) = postSolution
		{12FB42E6-2CFA-4D50-B098-37EEE82FAD60}.Debug|x86.ActiveCfg = Debug|x86
		{12FB42E6-2CFA-4D50-B098-37EEE82FAD60}.Debug|x86.Build.0 = Debug|x86
		{12FB42E6-2CFA-4D50-B098-37EEE82FAD60}.Release|x86.ActiveCfg = Release|x86
		{12FB42E6-2CFA-4D50-B098-37EEE82FAD60}.Release|x86.Build.0 = Release|x86
	EndGlobalSection
	GlobalSection(SolutionProperties) = preSolution
		HideSolutionNode = FALSE
	EndGlobalSection
EndGlobal
